
Microsoft Visual Studio Solution File, Format Version 12.00
Project("{FAE04EC0-301F-11D3-BF4B-00C04F79EFBC}") = "GLFW", "GLFW\GLFW.csproj", "{45955367-01A5-4865-8B58-DFECD785B785}"
EndProject
Project("{FAE04EC0-301F-11D3-BF4B-00C04F79EFBC}") = "OpenGL", "OpenGL\OpenGL.csproj", "{C049D58E-2996-43BC-B754-1835D7BD6F84}"
EndProject
Project("{FAE04EC0-301F-11D3-BF4B-00C04F79EFBC}") = "Test", "Test\Test.csproj", "{F41B2D15-809D-4853-8073-1ECFFE27FEAD}"
EndProject
Global
	GlobalSection(SolutionConfigurationPlatforms) = preSolution
		Debug|Any CPU = Debug|Any CPU
		Release|Any CPU = Release|Any CPU
	EndGlobalSection
	GlobalSection(ProjectConfigurationPlatforms) = postSolution
		{45955367-01A5-4865-8B58-DFECD785B785}.Debug|Any CPU.ActiveCfg = Debug|Any CPU
		{45955367-01A5-4865-8B58-DFECD785B785}.Debug|Any CPU.Build.0 = Debug|Any CPU
		{45955367-01A5-4865-8B58-DFECD785B785}.Release|Any CPU.ActiveCfg = Release|Any CPU
		{45955367-01A5-4865-8B58-DFECD785B785}.Release|Any CPU.Build.0 = Release|Any CPU
		{C049D58E-2996-43BC-B754-1835D7BD6F84}.Debug|Any CPU.ActiveCfg = Debug|Any CPU
		{C049D58E-2996-43BC-B754-1835D7BD6F84}.Debug|Any CPU.Build.0 = Debug|Any CPU
		{C049D58E-2996-43BC-B754-1835D7BD6F84}.Release|Any CPU.ActiveCfg = Release|Any CPU
		{C049D58E-2996-43BC-B754-1835D7BD6F84}.Release|Any CPU.Build.0 = Release|Any CPU
		{F41B2D15-809D-4853-8073-1ECFFE27FEAD}.Debug|Any CPU.ActiveCfg = Debug|Any CPU
		{F41B2D15-809D-4853-8073-1ECFFE27FEAD}.Release|Any CPU.ActiveCfg = Release|Any CPU
		{F41B2D15-809D-4853-8073-1ECFFE27FEAD}.Release|Any CPU.Build.0 = Release|Any CPU
	EndGlobalSection
EndGlobal
